PODS:
  - MGSDK (1.0):
    - MGSDK/Xcode10 (= 1.0)
  - MGSDK/Xcode10 (1.0)

DEPENDENCIES:
  - MGSDK

SPEC REPOS:
  "git@github.com:georgescumihai/MGSpecs.git":
    - MGSDK

SPEC CHECKSUMS:
  MGSDK: 6d83dcaece1d06d748134a7729204e92c614d235

PODFILE CHECKSUM: 4e49867a44dec62228c57e312d246b16cbca2daa

COCOAPODS: 1.5.3
